
Microsoft Visual Studio Solution File, Format Version 12.00
# Visual Studio 2012
Project("{FAE04EC0-301F-11D3-BF4B-00C04F79EFBC}") = "CanvasFunTime", "CanvasFunTime\CanvasFunTime.csproj", "{06D242C0-0B71-40DF-9705-8D97A21F03CC}"
EndProject
Global
	GlobalSection(SolutionConfigurationPlatforms) = preSolution
		Debug|Any CPU = Debug|Any CPU
		Release|Any CPU = Release|Any CPU
	EndGlobalSection
	GlobalSection(ProjectConfigurationPlatforms) = postSolution
		{06D242C0-0B71-40DF-9705-8D97A21F03CC}.Debug|Any CPU.ActiveCfg = Debug|Any CPU
		{06D242C0-0B71-40DF-9705-8D97A21F03CC}.Debug|Any CPU.Build.0 = Debug|Any CPU
		{06D242C0-0B71-40DF-9705-8D97A21F03CC}.Release|Any CPU.ActiveCfg = Release|Any CPU
		{06D242C0-0B71-40DF-9705-8D97A21F03CC}.Release|Any CPU.Build.0 = Release|Any CPU
	EndGlobalSection
	GlobalSection(SolutionProperties) = preSolution
		HideSolutionNode = FALSE
	EndGlobalSection
EndGlobal
