
Microsoft Visual Studio Solution File, Format Version 12.00
# Visual Studio 2012
Project("{FAE04EC0-301F-11D3-BF4B-00C04F79EFBC}") = "socketconsole", "socketconsole\socketconsole.csproj", "{5C4D4C8E-6570-4092-8919-5CD861E1559B}"
EndProject
Global
	GlobalSection(SolutionConfigurationPlatforms) = preSolution
		Debug|Any CPU = Debug|Any CPU
		Release|Any CPU = Release|Any CPU
	EndGlobalSection
	GlobalSection(ProjectConfigurationPlatforms) = postSolution
		{5C4D4C8E-6570-4092-8919-5CD861E1559B}.Debug|Any CPU.ActiveCfg = Debug|Any CPU
		{5C4D4C8E-6570-4092-8919-5CD861E1559B}.Debug|Any CPU.Build.0 = Debug|Any CPU
		{5C4D4C8E-6570-4092-8919-5CD861E1559B}.Release|Any CPU.ActiveCfg = Release|Any CPU
		{5C4D4C8E-6570-4092-8919-5CD861E1559B}.Release|Any CPU.Build.0 = Release|Any CPU
	EndGlobalSection
	GlobalSection(SolutionProperties) = preSolution
		HideSolutionNode = FALSE
	EndGlobalSection
EndGlobal
