
Microsoft Visual Studio Solution File, Format Version 11.00
# Visual Studio 2010
Project("{FAE04EC0-301F-11D3-BF4B-00C04F79EFBC}") = "Pizza", "Pizza\Pizza.csproj", "{0C9A3F2F-28A5-405E-89A1-8977900C72FE}"
EndProject
Project("{FAE04EC0-301F-11D3-BF4B-00C04F79EFBC}") = "Pizza.Tests", "Pizza.Tests\Pizza.Tests.csproj", "{63B15D55-1420-4C66-809F-FBBAFE06CECC}"
EndProject
Global
	GlobalSection(SolutionConfigurationPlatforms) = preSolution
		Debug|Any CPU = Debug|Any CPU
		Release|Any CPU = Release|Any CPU
	EndGlobalSection
	GlobalSection(ProjectConfigurationPlatforms) = postSolution
		{0C9A3F2F-28A5-405E-89A1-8977900C72FE}.Debug|Any CPU.ActiveCfg = Debug|Any CPU
		{0C9A3F2F-28A5-405E-89A1-8977900C72FE}.Debug|Any CPU.Build.0 = Debug|Any CPU
		{0C9A3F2F-28A5-405E-89A1-8977900C72FE}.Release|Any CPU.ActiveCfg = Release|Any CPU
		{0C9A3F2F-28A5-405E-89A1-8977900C72FE}.Release|Any CPU.Build.0 = Release|Any CPU
		{63B15D55-1420-4C66-809F-FBBAFE06CECC}.Debug|Any CPU.ActiveCfg = Debug|Any CPU
		{63B15D55-1420-4C66-809F-FBBAFE06CECC}.Debug|Any CPU.Build.0 = Debug|Any CPU
		{63B15D55-1420-4C66-809F-FBBAFE06CECC}.Release|Any CPU.ActiveCfg = Release|Any CPU
		{63B15D55-1420-4C66-809F-FBBAFE06CECC}.Release|Any CPU.Build.0 = Release|Any CPU
	EndGlobalSection
	GlobalSection(SolutionProperties) = preSolution
		HideSolutionNode = FALSE
	EndGlobalSection
EndGlobal
