
Microsoft Visual Studio Solution File, Format Version 12.00
# Visual Studio 2012
Project("{FAE04EC0-301F-11D3-BF4B-00C04F79EFBC}") = "socketdraw", "socketdraw\socketdraw.csproj", "{A14AAC96-35E9-41A0-9FF1-1052D8302D69}"
EndProject
Global
	GlobalSection(SolutionConfigurationPlatforms) = preSolution
		Debug|Any CPU = Debug|Any CPU
		Release|Any CPU = Release|Any CPU
	EndGlobalSection
	GlobalSection(ProjectConfigurationPlatforms) = postSolution
		{A14AAC96-35E9-41A0-9FF1-1052D8302D69}.Debug|Any CPU.ActiveCfg = Debug|Any CPU
		{A14AAC96-35E9-41A0-9FF1-1052D8302D69}.Debug|Any CPU.Build.0 = Debug|Any CPU
		{A14AAC96-35E9-41A0-9FF1-1052D8302D69}.Release|Any CPU.ActiveCfg = Release|Any CPU
		{A14AAC96-35E9-41A0-9FF1-1052D8302D69}.Release|Any CPU.Build.0 = Release|Any CPU
	EndGlobalSection
	GlobalSection(SolutionProperties) = preSolution
		HideSolutionNode = FALSE
	EndGlobalSection
EndGlobal
